
Microsoft Visual Studio Solution File, Format Version 12.00
# Visual Studio 15
Project("{FAE04EC0-301F-11D3-BF4B-00C04F79EFBC}") = "Assembly-CSharp", "Assembly-CSharp.csproj", "{580C11FD-4340-E4DA-3A0F-C74BF87A8207}"
EndProject
Global
	GlobalSection(SolutionConfigurationPlatforms) = preSolution
		Debug|Any CPU = Debug|Any CPU
		Release|Any CPU = Release|Any CPU
	EndGlobalSection
	GlobalSection(ProjectConfigurationPlatforms) = postSolution
		{580C11FD-4340-E4DA-3A0F-C74BF87A8207}.Debug|Any CPU.ActiveCfg = Debug|Any CPU
		{580C11FD-4340-E4DA-3A0F-C74BF87A8207}.Debug|Any CPU.Build.0 = Debug|Any CPU
		{580C11FD-4340-E4DA-3A0F-C74BF87A8207}.Release|Any CPU.ActiveCfg = Release|Any CPU
		{580C11FD-4340-E4DA-3A0F-C74BF87A8207}.Release|Any CPU.Build.0 = Release|Any CPU
	EndGlobalSection
	GlobalSection(SolutionProperties) = preSolution
		HideSolutionNode = FALSE
	EndGlobalSection
EndGlobal
